
Microsoft Visual Studio Solution File, Format Version 12.00
# Visual Studio Version 17
VisualStudioVersion = 17.9.34728.123
MinimumVisualStudioVersion = 10.0.40219.1
Project("{FAE04EC0-301F-11D3-BF4B-00C04F79EFBC}") = "pr3", "pr3.csproj", "{ACA0BA87-441D-4BFB-8558-32D080C85542}"
EndProject
Global
	GlobalSection(SolutionConfigurationPlatforms) = preSolution
		Debug|Any CPU = Debug|Any CPU
		Release|Any CPU = Release|Any CPU
	EndGlobalSection
	GlobalSection(ProjectConfigurationPlatforms) = postSolution
		{ACA0BA87-441D-4BFB-8558-32D080C85542}.Debug|Any CPU.ActiveCfg = Debug|Any CPU
		{ACA0BA87-441D-4BFB-8558-32D080C85542}.Debug|Any CPU.Build.0 = Debug|Any CPU
		{ACA0BA87-441D-4BFB-8558-32D080C85542}.Release|Any CPU.ActiveCfg = Release|Any CPU
		{ACA0BA87-441D-4BFB-8558-32D080C85542}.Release|Any CPU.Build.0 = Release|Any CPU
	EndGlobalSection
	GlobalSection(SolutionProperties) = preSolution
		HideSolutionNode = FALSE
	EndGlobalSection
	GlobalSection(ExtensibilityGlobals) = postSolution
		SolutionGuid = {662D724C-3EF7-4EC5-9E99-AD8B6358DB22}
	EndGlobalSection
EndGlobal
